
Microsoft Visual Studio Solution File, Format Version 12.00
# Visual Studio Version 16
VisualStudioVersion = 16.0.31729.503
MinimumVisualStudioVersion = 10.0.40219.1
Project("{FAE04EC0-301F-11D3-BF4B-00C04F79EFBC}") = "PruebaBlazor", "PruebaBlazor\PruebaBlazor.csproj", "{725D68C1-989C-4245-B751-CA49001B218A}"
EndProject
Global
	GlobalSection(SolutionConfigurationPlatforms) = preSolution
		Debug|Any CPU = Debug|Any CPU
		Release|Any CPU = Release|Any CPU
	EndGlobalSection
	GlobalSection(ProjectConfigurationPlatforms) = postSolution
		{725D68C1-989C-4245-B751-CA49001B218A}.Debug|Any CPU.ActiveCfg = Debug|Any CPU
		{725D68C1-989C-4245-B751-CA49001B218A}.Debug|Any CPU.Build.0 = Debug|Any CPU
		{725D68C1-989C-4245-B751-CA49001B218A}.Release|Any CPU.ActiveCfg = Release|Any CPU
		{725D68C1-989C-4245-B751-CA49001B218A}.Release|Any CPU.Build.0 = Release|Any CPU
	EndGlobalSection
	GlobalSection(SolutionProperties) = preSolution
		HideSolutionNode = FALSE
	EndGlobalSection
	GlobalSection(ExtensibilityGlobals) = postSolution
		SolutionGuid = {68726C5F-1739-4077-99BE-C1A55370C827}
	EndGlobalSection
EndGlobal
